
Microsoft Visual Studio Solution File, Format Version 12.00
# Visual Studio 15
VisualStudioVersion = 15.0.27703.2042
MinimumVisualStudioVersion = 10.0.40219.1
Project("{9A19103F-16F7-4668-BE54-9A1E7A4F7556}") = "Champions", "Champions\Champions.csproj", "{D15AABDC-2A6C-407C-9408-DBF0DAB11580}"
EndProject
Project("{9A19103F-16F7-4668-BE54-9A1E7A4F7556}") = "Items", "Items\Items.csproj", "{1AB22A11-4988-4B39-8EC2-1E039296027C}"
EndProject
Project("{FAE04EC0-301F-11D3-BF4B-00C04F79EFBC}") = "TestingGrounds", "TestingGrounds\TestingGrounds.csproj", "{3C8A4345-1C94-4074-8BCD-6CEB371C162B}"
EndProject
Global
	GlobalSection(SolutionConfigurationPlatforms) = preSolution
		Debug|Any CPU = Debug|Any CPU
		Release|Any CPU = Release|Any CPU
	EndGlobalSection
	GlobalSection(ProjectConfigurationPlatforms) = postSolution
		{B6BD8BCC-CCDD-4B16-AFD2-726C935365D5}.Debug|Any CPU.ActiveCfg = Debug|Any CPU
		{B6BD8BCC-CCDD-4B16-AFD2-726C935365D5}.Debug|Any CPU.Build.0 = Debug|Any CPU
		{B6BD8BCC-CCDD-4B16-AFD2-726C935365D5}.Release|Any CPU.ActiveCfg = Release|Any CPU
		{B6BD8BCC-CCDD-4B16-AFD2-726C935365D5}.Release|Any CPU.Build.0 = Release|Any CPU
		{F1F384E5-5F29-4365-8A66-E6135C0BAC61}.Debug|Any CPU.ActiveCfg = Debug|Any CPU
		{F1F384E5-5F29-4365-8A66-E6135C0BAC61}.Debug|Any CPU.Build.0 = Debug|Any CPU
		{F1F384E5-5F29-4365-8A66-E6135C0BAC61}.Release|Any CPU.ActiveCfg = Release|Any CPU
		{F1F384E5-5F29-4365-8A66-E6135C0BAC61}.Release|Any CPU.Build.0 = Release|Any CPU
		{D21A8260-F791-4123-8CA3-AF87EC57A1D0}.Debug|Any CPU.ActiveCfg = Debug|Any CPU
		{D21A8260-F791-4123-8CA3-AF87EC57A1D0}.Debug|Any CPU.Build.0 = Debug|Any CPU
		{D21A8260-F791-4123-8CA3-AF87EC57A1D0}.Release|Any CPU.ActiveCfg = Release|Any CPU
		{D21A8260-F791-4123-8CA3-AF87EC57A1D0}.Release|Any CPU.Build.0 = Release|Any CPU
		{D15AABDC-2A6C-407C-9408-DBF0DAB11580}.Debug|Any CPU.ActiveCfg = Debug|Any CPU
		{D15AABDC-2A6C-407C-9408-DBF0DAB11580}.Debug|Any CPU.Build.0 = Debug|Any CPU
		{D15AABDC-2A6C-407C-9408-DBF0DAB11580}.Release|Any CPU.ActiveCfg = Release|Any CPU
		{D15AABDC-2A6C-407C-9408-DBF0DAB11580}.Release|Any CPU.Build.0 = Release|Any CPU
		{1AB22A11-4988-4B39-8EC2-1E039296027C}.Debug|Any CPU.ActiveCfg = Debug|Any CPU
		{1AB22A11-4988-4B39-8EC2-1E039296027C}.Debug|Any CPU.Build.0 = Debug|Any CPU
		{1AB22A11-4988-4B39-8EC2-1E039296027C}.Release|Any CPU.ActiveCfg = Release|Any CPU
		{1AB22A11-4988-4B39-8EC2-1E039296027C}.Release|Any CPU.Build.0 = Release|Any CPU
		{3C8A4345-1C94-4074-8BCD-6CEB371C162B}.Debug|Any CPU.ActiveCfg = Debug|Any CPU
		{3C8A4345-1C94-4074-8BCD-6CEB371C162B}.Debug|Any CPU.Build.0 = Debug|Any CPU
		{3C8A4345-1C94-4074-8BCD-6CEB371C162B}.Release|Any CPU.ActiveCfg = Release|Any CPU
		{3C8A4345-1C94-4074-8BCD-6CEB371C162B}.Release|Any CPU.Build.0 = Release|Any CPU
	EndGlobalSection
	GlobalSection(SolutionProperties) = preSolution
		HideSolutionNode = FALSE
	EndGlobalSection
	GlobalSection(ExtensibilityGlobals) = postSolution
		SolutionGuid = {EBADDC47-C157-4B24-ADE7-ABE783F01CCA}
	EndGlobalSection
EndGlobal
